
Microsoft Visual Studio Solution File, Format Version 12.00
# Visual Studio Version 17
VisualStudioVersion = 17.2.32630.192
MinimumVisualStudioVersion = 10.0.40219.1
Project("{FAE04EC0-301F-11D3-BF4B-00C04F79EFBC}") = "WellBeanAPI", "WellBeanAPI\WellBeanAPI.csproj", "{0AF2EEE9-DAE2-454E-803F-9EA892D07950}"
EndProject
Global
	GlobalSection(SolutionConfigurationPlatforms) = preSolution
		Debug|Any CPU = Debug|Any CPU
		Release|Any CPU = Release|Any CPU
	EndGlobalSection
	GlobalSection(ProjectConfigurationPlatforms) = postSolution
		{0AF2EEE9-DAE2-454E-803F-9EA892D07950}.Debug|Any CPU.ActiveCfg = Debug|Any CPU
		{0AF2EEE9-DAE2-454E-803F-9EA892D07950}.Debug|Any CPU.Build.0 = Debug|Any CPU
		{0AF2EEE9-DAE2-454E-803F-9EA892D07950}.Release|Any CPU.ActiveCfg = Release|Any CPU
		{0AF2EEE9-DAE2-454E-803F-9EA892D07950}.Release|Any CPU.Build.0 = Release|Any CPU
	EndGlobalSection
	GlobalSection(SolutionProperties) = preSolution
		HideSolutionNode = FALSE
	EndGlobalSection
	GlobalSection(ExtensibilityGlobals) = postSolution
		SolutionGuid = {58F83A0D-4AD7-4D17-BB9F-9F810B3F3572}
	EndGlobalSection
EndGlobal
